{
  "name": "Dump",
  "version": "1.0.0",
  "lockfileVersion": 1,
  "requires": true,
  "dependencies": {
    "gojs": {
      "version": "2.3.11",
      "resolved": "https://registry.npmjs.org/gojs/-/gojs-2.3.11.tgz",
      "integrity": "sha512-Sdl61fI50m8pnTz0BCv7Yp1qMJ0pvCus84I0ELL+qOD+HS/V7/CrTmxNW0bLAA/yXvgbuB1wVWOcXphtcXURUA=="
    }
  }
}
